%{"bunt": {:hex, :bunt, "0.1.6", "5d95a6882f73f3b9969fdfd1953798046664e6f77ec4e486e6fafc7caad97c6f", [:mix], []},
  "credo": {:hex, :credo, "0.4.5", "5c5daaf50a2a96068c0f21b6fbd382d206702efa8836a946eeab0b8ac25f5f22", [:mix], [{:bunt, "~> 0.1.6", [hex: :bunt, optional: false]}]},
  "dialyze": {:hex, :dialyze, "0.2.1", "9fb71767f96649020d769db7cbd7290059daff23707d6e851e206b1fdfa92f9d", [:mix], []},
  "earmark": {:hex, :earmark, "0.1.17", "a2269e72ff85501bdb58c2de9edc0a9a17a4be2757883eed1f601b30494ed2bf", [:mix], []},
  "ex_doc": {:hex, :ex_doc, "0.9.0", "e59f4550dc78a07b1d3d81b8728fda772cfb0d54bccf1d7e6bcaab32c01c1f3a", [:mix], [{:earmark, "~> 0.1.17 or ~> 0.2", [hex: :earmark, optional: true]}]},
  "fs": {:hex, :fs, "0.9.2"},
  "mix_test_watch": {:hex, :mix_test_watch, "0.2.6"},
  "snappy": {:git, "https://github.com/fdmanana/snappy-erlang-nif", "76417d16a8d39e04d66114d8f8a3c75df19474f0", []}}
