%{"bunt": {:hex, :bunt, "0.1.6"},
  "credo": {:hex, :credo, "0.4.5"},
  "dialyze": {:hex, :dialyze, "0.2.1"},
  "earmark": {:hex, :earmark, "0.2.1"},
  "ex_doc": {:hex, :ex_doc, "0.12.0"},
  "fs": {:hex, :fs, "0.9.2"},
  "mix_test_watch": {:hex, :mix_test_watch, "0.2.6"},
  "snappy": {:git, "https://github.com/fdmanana/snappy-erlang-nif", "76417d16a8d39e04d66114d8f8a3c75df19474f0", []}}
